
Microsoft Visual Studio Solution File, Format Version 12.00
# Visual Studio Version 17
VisualStudioVersion = 17.7.34018.315
MinimumVisualStudioVersion = 10.0.40219.1
Project("{9A19103F-16F7-4668-BE54-9A1E7A4F7556}") = "Service.Carting.WebApi", "Service.Carting.WebApi\Service.Carting.WebApi.csproj", "{FEB8748F-C404-455D-87F0-942F9AF28959}"
EndProject
Project("{9A19103F-16F7-4668-BE54-9A1E7A4F7556}") = "Service.Carting.Infrastructure", "Service.Carting.Infrastructure\Service.Carting.Infrastructure.csproj", "{AE72876B-8DE6-4D6B-9240-9D9CFE748DB7}"
EndProject
Project("{9A19103F-16F7-4668-BE54-9A1E7A4F7556}") = "Service.Carting.Domain", "Service.Carting.Domain\Service.Carting.Domain.csproj", "{EA361662-A104-4010-A284-D197D7F93FFB}"
EndProject
Project("{9A19103F-16F7-4668-BE54-9A1E7A4F7556}") = "Service.Carting.Application", "Service.Carting.Application\Service.Carting.Application.csproj", "{605F2A7B-1AE9-4816-9D3C-319C05CC6D9F}"
EndProject
Project("{9A19103F-16F7-4668-BE54-9A1E7A4F7556}") = "Service.Carting.UnitTests", "Service.Carting.UnitTests\Service.Carting.UnitTests.csproj", "{18359583-276D-48F8-AE1D-DA9C95ABA8C1}"
EndProject
Project("{9A19103F-16F7-4668-BE54-9A1E7A4F7556}") = "Service.Carting.IntegrationTests", "Service.Carting.IntegrationTests\Service.Carting.IntegrationTests.csproj", "{6BF4C115-DD99-435C-85BD-AD13A1841079}"
EndProject
Project("{9A19103F-16F7-4668-BE54-9A1E7A4F7556}") = "Service.Carting.Component.UnitTests", "Service.Carting.Component.UnitTests\Service.Carting.Component.UnitTests.csproj", "{8CA07CAE-F3DF-450D-9D98-9F01C6277CF1}"
EndProject
Project("{2150E333-8FDC-42A3-9474-1A3956D46DE8}") = "Solution Items", "Solution Items", "{78CEF5D3-6D5F-4524-81AD-DF6DEFCE7E62}"
	ProjectSection(SolutionItems) = preProject
		ci.yml = ci.yml
		test.txt = test.txt
	EndProjectSection
EndProject
Global
	GlobalSection(SolutionConfigurationPlatforms) = preSolution
		Debug|Any CPU = Debug|Any CPU
		Release|Any CPU = Release|Any CPU
	EndGlobalSection
	GlobalSection(ProjectConfigurationPlatforms) = postSolution
		{FEB8748F-C404-455D-87F0-942F9AF28959}.Debug|Any CPU.ActiveCfg = Debug|Any CPU
		{FEB8748F-C404-455D-87F0-942F9AF28959}.Debug|Any CPU.Build.0 = Debug|Any CPU
		{FEB8748F-C404-455D-87F0-942F9AF28959}.Release|Any CPU.ActiveCfg = Release|Any CPU
		{FEB8748F-C404-455D-87F0-942F9AF28959}.Release|Any CPU.Build.0 = Release|Any CPU
		{AE72876B-8DE6-4D6B-9240-9D9CFE748DB7}.Debug|Any CPU.ActiveCfg = Debug|Any CPU
		{AE72876B-8DE6-4D6B-9240-9D9CFE748DB7}.Debug|Any CPU.Build.0 = Debug|Any CPU
		{AE72876B-8DE6-4D6B-9240-9D9CFE748DB7}.Release|Any CPU.ActiveCfg = Release|Any CPU
		{AE72876B-8DE6-4D6B-9240-9D9CFE748DB7}.Release|Any CPU.Build.0 = Release|Any CPU
		{EA361662-A104-4010-A284-D197D7F93FFB}.Debug|Any CPU.ActiveCfg = Debug|Any CPU
		{EA361662-A104-4010-A284-D197D7F93FFB}.Debug|Any CPU.Build.0 = Debug|Any CPU
		{EA361662-A104-4010-A284-D197D7F93FFB}.Release|Any CPU.ActiveCfg = Release|Any CPU
		{EA361662-A104-4010-A284-D197D7F93FFB}.Release|Any CPU.Build.0 = Release|Any CPU
		{605F2A7B-1AE9-4816-9D3C-319C05CC6D9F}.Debug|Any CPU.ActiveCfg = Debug|Any CPU
		{605F2A7B-1AE9-4816-9D3C-319C05CC6D9F}.Debug|Any CPU.Build.0 = Debug|Any CPU
		{605F2A7B-1AE9-4816-9D3C-319C05CC6D9F}.Release|Any CPU.ActiveCfg = Release|Any CPU
		{605F2A7B-1AE9-4816-9D3C-319C05CC6D9F}.Release|Any CPU.Build.0 = Release|Any CPU
		{18359583-276D-48F8-AE1D-DA9C95ABA8C1}.Debug|Any CPU.ActiveCfg = Debug|Any CPU
		{18359583-276D-48F8-AE1D-DA9C95ABA8C1}.Debug|Any CPU.Build.0 = Debug|Any CPU
		{18359583-276D-48F8-AE1D-DA9C95ABA8C1}.Release|Any CPU.ActiveCfg = Release|Any CPU
		{18359583-276D-48F8-AE1D-DA9C95ABA8C1}.Release|Any CPU.Build.0 = Release|Any CPU
		{6BF4C115-DD99-435C-85BD-AD13A1841079}.Debug|Any CPU.ActiveCfg = Debug|Any CPU
		{6BF4C115-DD99-435C-85BD-AD13A1841079}.Debug|Any CPU.Build.0 = Debug|Any CPU
		{6BF4C115-DD99-435C-85BD-AD13A1841079}.Release|Any CPU.ActiveCfg = Release|Any CPU
		{6BF4C115-DD99-435C-85BD-AD13A1841079}.Release|Any CPU.Build.0 = Release|Any CPU
		{8CA07CAE-F3DF-450D-9D98-9F01C6277CF1}.Debug|Any CPU.ActiveCfg = Debug|Any CPU
		{8CA07CAE-F3DF-450D-9D98-9F01C6277CF1}.Debug|Any CPU.Build.0 = Debug|Any CPU
		{8CA07CAE-F3DF-450D-9D98-9F01C6277CF1}.Release|Any CPU.ActiveCfg = Release|Any CPU
		{8CA07CAE-F3DF-450D-9D98-9F01C6277CF1}.Release|Any CPU.Build.0 = Release|Any CPU
	EndGlobalSection
	GlobalSection(SolutionProperties) = preSolution
		HideSolutionNode = FALSE
	EndGlobalSection
	GlobalSection(ExtensibilityGlobals) = postSolution
		SolutionGuid = {3614E94F-B173-4AC1-94B1-62E49A97357C}
	EndGlobalSection
EndGlobal
