
Microsoft Visual Studio Solution File, Format Version 12.00
# Visual Studio Version 17
VisualStudioVersion = 17.7.34018.315
MinimumVisualStudioVersion = 10.0.40219.1
Project("{FAE04EC0-301F-11D3-BF4B-00C04F79EFBC}") = "Service.Catalog.WebApi", "Service.Catalog.WebApi\Service.Catalog.WebApi.csproj", "{FEB8748F-C404-455D-87F0-942F9AF28959}"
EndProject
Project("{FAE04EC0-301F-11D3-BF4B-00C04F79EFBC}") = "Service.Catalog.DAL", "Service.Catalog.DAL\Service.Catalog.DAL.csproj", "{AE72876B-8DE6-4D6B-9240-9D9CFE748DB7}"
EndProject
Project("{FAE04EC0-301F-11D3-BF4B-00C04F79EFBC}") = "Service.Catalog.BLL", "Service.Catalog.BLL\Service.Catalog.BLL.csproj", "{EA361662-A104-4010-A284-D197D7F93FFB}"
EndProject
Global
	GlobalSection(SolutionConfigurationPlatforms) = preSolution
		Debug|Any CPU = Debug|Any CPU
		Release|Any CPU = Release|Any CPU
	EndGlobalSection
	GlobalSection(ProjectConfigurationPlatforms) = postSolution
		{FEB8748F-C404-455D-87F0-942F9AF28959}.Debug|Any CPU.ActiveCfg = Debug|Any CPU
		{FEB8748F-C404-455D-87F0-942F9AF28959}.Debug|Any CPU.Build.0 = Debug|Any CPU
		{FEB8748F-C404-455D-87F0-942F9AF28959}.Release|Any CPU.ActiveCfg = Release|Any CPU
		{FEB8748F-C404-455D-87F0-942F9AF28959}.Release|Any CPU.Build.0 = Release|Any CPU
		{AE72876B-8DE6-4D6B-9240-9D9CFE748DB7}.Debug|Any CPU.ActiveCfg = Debug|Any CPU
		{AE72876B-8DE6-4D6B-9240-9D9CFE748DB7}.Debug|Any CPU.Build.0 = Debug|Any CPU
		{AE72876B-8DE6-4D6B-9240-9D9CFE748DB7}.Release|Any CPU.ActiveCfg = Release|Any CPU
		{AE72876B-8DE6-4D6B-9240-9D9CFE748DB7}.Release|Any CPU.Build.0 = Release|Any CPU
		{EA361662-A104-4010-A284-D197D7F93FFB}.Debug|Any CPU.ActiveCfg = Debug|Any CPU
		{EA361662-A104-4010-A284-D197D7F93FFB}.Debug|Any CPU.Build.0 = Debug|Any CPU
		{EA361662-A104-4010-A284-D197D7F93FFB}.Release|Any CPU.ActiveCfg = Release|Any CPU
		{EA361662-A104-4010-A284-D197D7F93FFB}.Release|Any CPU.Build.0 = Release|Any CPU
	EndGlobalSection
	GlobalSection(SolutionProperties) = preSolution
		HideSolutionNode = FALSE
	EndGlobalSection
	GlobalSection(ExtensibilityGlobals) = postSolution
		SolutionGuid = {3614E94F-B173-4AC1-94B1-62E49A97357C}
	EndGlobalSection
EndGlobal
